
Microsoft Visual Studio Solution File, Format Version 12.00
# Visual Studio Version 17
VisualStudioVersion = 17.5.002.0
MinimumVisualStudioVersion = 10.0.40219.1
Project("{9A19103F-16F7-4668-BE54-9A1E7A4F7556}") = "UmbeWing", "UmbeWing\UmbeWing.csproj", "{8490B7E5-F77E-4319-9DBA-F46544FAA98E}"
EndProject
Global
	GlobalSection(SolutionConfigurationPlatforms) = preSolution
		Debug|Any CPU = Debug|Any CPU
		Release|Any CPU = Release|Any CPU
	EndGlobalSection
	GlobalSection(ProjectConfigurationPlatforms) = postSolution
		{8490B7E5-F77E-4319-9DBA-F46544FAA98E}.Debug|Any CPU.ActiveCfg = Debug|Any CPU
		{8490B7E5-F77E-4319-9DBA-F46544FAA98E}.Debug|Any CPU.Build.0 = Debug|Any CPU
		{8490B7E5-F77E-4319-9DBA-F46544FAA98E}.Release|Any CPU.ActiveCfg = Release|Any CPU
		{8490B7E5-F77E-4319-9DBA-F46544FAA98E}.Release|Any CPU.Build.0 = Release|Any CPU
	EndGlobalSection
	GlobalSection(SolutionProperties) = preSolution
		HideSolutionNode = FALSE
	EndGlobalSection
	GlobalSection(ExtensibilityGlobals) = postSolution
		SolutionGuid = {9ABA1021-1400-4B67-A41B-8408D9CAC6D1}
	EndGlobalSection
EndGlobal
